
Microsoft Visual Studio Solution File, Format Version 12.00
# Visual Studio Version 16
VisualStudioVersion = 25.0.1704.2
MinimumVisualStudioVersion = 10.0.40219.1
Project("{2150E333-8FDC-42A3-9474-1A3956D46DE8}") = "Core", "Core", "{A5B3FA46-2B56-4BF1-979B-4D59DE6CA2ED}"
EndProject
Project("{2150E333-8FDC-42A3-9474-1A3956D46DE8}") = "Infrastructure", "Infrastructure", "{A39483E7-67C9-41F2-87CD-1AB4CE5DCF4D}"
EndProject
Project("{2150E333-8FDC-42A3-9474-1A3956D46DE8}") = "Presentation", "Presentation", "{FF4E11C4-C486-483A-822E-5827E1721018}"
EndProject
Project("{FAE04EC0-301F-11D3-BF4B-00C04F79EFBC}") = "HyBe.Domain", "Core\HyBe.Domain\HyBe.Domain.csproj", "{98FD6D6F-03E5-43A5-9933-8771AEA8A39E}"
EndProject
Project("{FAE04EC0-301F-11D3-BF4B-00C04F79EFBC}") = "HyBe.Application", "Core\HyBe.Application\HyBe.Application.csproj", "{81891250-B9C1-463C-85B6-CBEB463D665E}"
EndProject
Project("{FAE04EC0-301F-11D3-BF4B-00C04F79EFBC}") = "HyBe.SharedKernel", "Core\HyBe.SharedKernel\HyBe.SharedKernel.csproj", "{C5BD55E9-58E5-461D-A11F-F8B69DAC310B}"
EndProject
Project("{FAE04EC0-301F-11D3-BF4B-00C04F79EFBC}") = "HyBe.Infrastructure", "Infrastructure\HyBe.Infrastructure\HyBe.Infrastructure.csproj", "{B500D1B6-0898-4434-9179-B46C88AA11D8}"
EndProject
Project("{FAE04EC0-301F-11D3-BF4B-00C04F79EFBC}") = "HyBe.Persistence", "Infrastructure\HyBe.Persistence\HyBe.Persistence.csproj", "{BDD4948C-537B-486D-8595-A74F779588F1}"
EndProject
Project("{FAE04EC0-301F-11D3-BF4B-00C04F79EFBC}") = "HyBe.WebAPI", "Presentation\HyBe.WebAPI\HyBe.WebAPI.csproj", "{45614ACF-CDA1-4F0F-B91E-36586D013ED3}"
EndProject
Global
	GlobalSection(SolutionConfigurationPlatforms) = preSolution
		Debug|Any CPU = Debug|Any CPU
		Release|Any CPU = Release|Any CPU
	EndGlobalSection
	GlobalSection(ProjectConfigurationPlatforms) = postSolution
		{98FD6D6F-03E5-43A5-9933-8771AEA8A39E}.Debug|Any CPU.ActiveCfg = Debug|Any CPU
		{98FD6D6F-03E5-43A5-9933-8771AEA8A39E}.Debug|Any CPU.Build.0 = Debug|Any CPU
		{98FD6D6F-03E5-43A5-9933-8771AEA8A39E}.Release|Any CPU.ActiveCfg = Release|Any CPU
		{98FD6D6F-03E5-43A5-9933-8771AEA8A39E}.Release|Any CPU.Build.0 = Release|Any CPU
		{81891250-B9C1-463C-85B6-CBEB463D665E}.Debug|Any CPU.ActiveCfg = Debug|Any CPU
		{81891250-B9C1-463C-85B6-CBEB463D665E}.Debug|Any CPU.Build.0 = Debug|Any CPU
		{81891250-B9C1-463C-85B6-CBEB463D665E}.Release|Any CPU.ActiveCfg = Release|Any CPU
		{81891250-B9C1-463C-85B6-CBEB463D665E}.Release|Any CPU.Build.0 = Release|Any CPU
		{C5BD55E9-58E5-461D-A11F-F8B69DAC310B}.Debug|Any CPU.ActiveCfg = Debug|Any CPU
		{C5BD55E9-58E5-461D-A11F-F8B69DAC310B}.Debug|Any CPU.Build.0 = Debug|Any CPU
		{C5BD55E9-58E5-461D-A11F-F8B69DAC310B}.Release|Any CPU.ActiveCfg = Release|Any CPU
		{C5BD55E9-58E5-461D-A11F-F8B69DAC310B}.Release|Any CPU.Build.0 = Release|Any CPU
		{B500D1B6-0898-4434-9179-B46C88AA11D8}.Debug|Any CPU.ActiveCfg = Debug|Any CPU
		{B500D1B6-0898-4434-9179-B46C88AA11D8}.Debug|Any CPU.Build.0 = Debug|Any CPU
		{B500D1B6-0898-4434-9179-B46C88AA11D8}.Release|Any CPU.ActiveCfg = Release|Any CPU
		{B500D1B6-0898-4434-9179-B46C88AA11D8}.Release|Any CPU.Build.0 = Release|Any CPU
		{BDD4948C-537B-486D-8595-A74F779588F1}.Debug|Any CPU.ActiveCfg = Debug|Any CPU
		{BDD4948C-537B-486D-8595-A74F779588F1}.Debug|Any CPU.Build.0 = Debug|Any CPU
		{BDD4948C-537B-486D-8595-A74F779588F1}.Release|Any CPU.ActiveCfg = Release|Any CPU
		{BDD4948C-537B-486D-8595-A74F779588F1}.Release|Any CPU.Build.0 = Release|Any CPU
		{45614ACF-CDA1-4F0F-B91E-36586D013ED3}.Debug|Any CPU.ActiveCfg = Debug|Any CPU
		{45614ACF-CDA1-4F0F-B91E-36586D013ED3}.Debug|Any CPU.Build.0 = Debug|Any CPU
		{45614ACF-CDA1-4F0F-B91E-36586D013ED3}.Release|Any CPU.ActiveCfg = Release|Any CPU
		{45614ACF-CDA1-4F0F-B91E-36586D013ED3}.Release|Any CPU.Build.0 = Release|Any CPU
	EndGlobalSection
	GlobalSection(SolutionProperties) = preSolution
		HideSolutionNode = FALSE
	EndGlobalSection
	GlobalSection(ExtensibilityGlobals) = postSolution
		SolutionGuid = {7E3A055E-1106-4CAA-9280-8C314EADFFAF}
	EndGlobalSection
	GlobalSection(NestedProjects) = preSolution
		{98FD6D6F-03E5-43A5-9933-8771AEA8A39E} = {A5B3FA46-2B56-4BF1-979B-4D59DE6CA2ED}
		{81891250-B9C1-463C-85B6-CBEB463D665E} = {A5B3FA46-2B56-4BF1-979B-4D59DE6CA2ED}
		{C5BD55E9-58E5-461D-A11F-F8B69DAC310B} = {A5B3FA46-2B56-4BF1-979B-4D59DE6CA2ED}
		{B500D1B6-0898-4434-9179-B46C88AA11D8} = {A39483E7-67C9-41F2-87CD-1AB4CE5DCF4D}
		{BDD4948C-537B-486D-8595-A74F779588F1} = {A39483E7-67C9-41F2-87CD-1AB4CE5DCF4D}
		{45614ACF-CDA1-4F0F-B91E-36586D013ED3} = {FF4E11C4-C486-483A-822E-5827E1721018}
	EndGlobalSection
EndGlobal
